{
  "name": "sierpinski-triangle",
  "version": "0.0.1",
  "lockfileVersion": 1,
  "requires": true,
  "dependencies": {
    "@nx-js/observer-util": {
      "version": "4.2.0",
      "resolved": "https://registry.npmjs.org/@nx-js/observer-util/-/observer-util-4.2.0.tgz",
      "integrity": "sha512-G5SGobdqdyRm1OphNH1PX91N9Iqt92uiqxURSJGKh8nN6REFjfkBzGOrd3ASrN1OnUCfRt5ucEYDUkijQRLtFQ=="
    },
    "lit-html": {
      "version": "0.14.0",
      "resolved": "https://registry.npmjs.org/lit-html/-/lit-html-0.14.0.tgz",
      "integrity": "sha512-+xqUPzzJGEDqb0F5DOnMXvL0jxpkKebAMlXycKZxFtzlmD+qePEmYrEUPF9XVXcc5eYBzYXTCOUcjSCod4YvgQ=="
    },
    "typescript": {
      "version": "3.2.1",
      "resolved": "https://registry.npmjs.org/typescript/-/typescript-3.2.1.tgz",
      "integrity": "sha512-jw7P2z/h6aPT4AENXDGjcfHTu5CSqzsbZc6YlUIebTyBAq8XaKp78x7VcSh30xwSCcsu5irZkYZUSFP1MrAMbg=="
    }
  }
}
